
Microsoft Visual Studio Solution File, Format Version 12.00
# Visual Studio Version 16
VisualStudioVersion = 16.0.29613.14
MinimumVisualStudioVersion = 10.0.40219.1
Project("{2150E333-8FDC-42A3-9474-1A3956D46DE8}") = "Applications", "Applications", "{90BD67C3-2B52-4BE8-899F-80E46CBEA382}"
EndProject
Project("{FAE04EC0-301F-11D3-BF4B-00C04F79EFBC}") = "CompanyName.Web", "..\CompanyName.Web\CompanyName.Web.csproj", "{C6873501-511A-4BB5-9A1E-EC971E565F33}"
EndProject
Project("{FAE04EC0-301F-11D3-BF4B-00C04F79EFBC}") = "CompanyName.Api", "..\CompanyName.Api\CompanyName.Api.csproj", "{9CF5A459-0865-466B-9137-358395F2D7BA}"
EndProject
Project("{2150E333-8FDC-42A3-9474-1A3956D46DE8}") = "Business", "Business", "{53CBC265-E46D-4E8A-94FE-B33EB76F6030}"
EndProject
Project("{2150E333-8FDC-42A3-9474-1A3956D46DE8}") = "Common", "Common", "{749E1DBF-EA6B-4312-8895-68EF84C2356E}"
EndProject
Project("{2150E333-8FDC-42A3-9474-1A3956D46DE8}") = "Core", "Core", "{B0E68798-4FC7-4AB3-963A-A4B8C3C0BAED}"
EndProject
Project("{2150E333-8FDC-42A3-9474-1A3956D46DE8}") = "DataLayer", "DataLayer", "{9E45C983-4519-421A-8FFE-92E12179A6A7}"
EndProject
Project("{2150E333-8FDC-42A3-9474-1A3956D46DE8}") = "Infrastructure", "Infrastructure", "{6E648426-1887-45BB-BB98-A04EE195275F}"
EndProject
Project("{2150E333-8FDC-42A3-9474-1A3956D46DE8}") = "Tests", "Tests", "{CBA019F0-0940-4EFC-BC8C-DE1F4F06058E}"
EndProject
Project("{FAE04EC0-301F-11D3-BF4B-00C04F79EFBC}") = "CompanyName.Business", "..\CompanyName.Business\CompanyName.Business.csproj", "{E110EFBF-DA91-46A5-A31F-45A813B6BD67}"
EndProject
Project("{FAE04EC0-301F-11D3-BF4B-00C04F79EFBC}") = "CompanyName.Common", "..\CompanyName.Common\CompanyName.Common.csproj", "{C8EA2EB6-FAB7-46DE-90A7-E5F0D61A9337}"
EndProject
Project("{FAE04EC0-301F-11D3-BF4B-00C04F79EFBC}") = "CompanyName.Core", "..\CompanyName.Core\CompanyName.Core.csproj", "{32E4A94C-9CD4-477A-9AC1-23C87D193D7D}"
EndProject
Project("{FAE04EC0-301F-11D3-BF4B-00C04F79EFBC}") = "CompanyName.DataAccess", "..\CompanyName.DataAccess\CompanyName.DataAccess.csproj", "{9B144D87-CE56-4392-AABA-C96F66FFDAF3}"
EndProject
Project("{FAE04EC0-301F-11D3-BF4B-00C04F79EFBC}") = "CompanyName.DataDomain", "..\CompanyName.DataDomain\CompanyName.DataDomain.csproj", "{9B2F554B-7B4F-4895-B6A0-09A8F3FEAFDF}"
EndProject
Project("{FAE04EC0-301F-11D3-BF4B-00C04F79EFBC}") = "CompanyName.Entities", "..\CompanyName.Entities\CompanyName.Entities.csproj", "{7CF3794B-7BAE-478F-9DE2-A96157B5D4A2}"
EndProject
Project("{FAE04EC0-301F-11D3-BF4B-00C04F79EFBC}") = "CompanyName.loC", "..\CompanyName.loC\CompanyName.loC.csproj", "{4B7B316F-E540-452C-9AF1-07467ACB0750}"
EndProject
Project("{FAE04EC0-301F-11D3-BF4B-00C04F79EFBC}") = "CompanyName.Ninject", "..\CompanyName.Ninject\CompanyName.Ninject.csproj", "{8068BACD-6375-4885-A4D3-1BF0000C8E19}"
EndProject
Project("{FAE04EC0-301F-11D3-BF4B-00C04F79EFBC}") = "CompanyName.Web.Test", "..\CompanyName.Web.Test\CompanyName.Web.Test.csproj", "{F2C4424B-AB06-4EE1-A5FD-A7F341C92A40}"
EndProject
Project("{FAE04EC0-301F-11D3-BF4B-00C04F79EFBC}") = "CompanyName.Api.Test", "..\CompanyName.Api.Test\CompanyName.Api.Test.csproj", "{B1C21CB8-CB20-4220-B32D-E48349228E9D}"
EndProject
Project("{FAE04EC0-301F-11D3-BF4B-00C04F79EFBC}") = "CompanyName.Business.Test", "..\CompanyName.Business.Test\CompanyName.Business.Test.csproj", "{FB6428CC-5FB0-44F8-80E9-AC708833659F}"
EndProject
Project("{FAE04EC0-301F-11D3-BF4B-00C04F79EFBC}") = "CompanyName.DataAccess.Test", "..\CompanyName.DataAccess.Test\CompanyName.DataAccess.Test.csproj", "{F27FEDBE-75C5-496C-91F3-008AE4F9D3C4}"
EndProject
Global
	GlobalSection(SolutionConfigurationPlatforms) = preSolution
		Debug|Any CPU = Debug|Any CPU
		Release|Any CPU = Release|Any CPU
	EndGlobalSection
	GlobalSection(ProjectConfigurationPlatforms) = postSolution
		{C6873501-511A-4BB5-9A1E-EC971E565F33}.Debug|Any CPU.ActiveCfg = Debug|Any CPU
		{C6873501-511A-4BB5-9A1E-EC971E565F33}.Debug|Any CPU.Build.0 = Debug|Any CPU
		{C6873501-511A-4BB5-9A1E-EC971E565F33}.Release|Any CPU.ActiveCfg = Release|Any CPU
		{C6873501-511A-4BB5-9A1E-EC971E565F33}.Release|Any CPU.Build.0 = Release|Any CPU
		{9CF5A459-0865-466B-9137-358395F2D7BA}.Debug|Any CPU.ActiveCfg = Debug|Any CPU
		{9CF5A459-0865-466B-9137-358395F2D7BA}.Debug|Any CPU.Build.0 = Debug|Any CPU
		{9CF5A459-0865-466B-9137-358395F2D7BA}.Release|Any CPU.ActiveCfg = Release|Any CPU
		{9CF5A459-0865-466B-9137-358395F2D7BA}.Release|Any CPU.Build.0 = Release|Any CPU
		{E110EFBF-DA91-46A5-A31F-45A813B6BD67}.Debug|Any CPU.ActiveCfg = Debug|Any CPU
		{E110EFBF-DA91-46A5-A31F-45A813B6BD67}.Debug|Any CPU.Build.0 = Debug|Any CPU
		{E110EFBF-DA91-46A5-A31F-45A813B6BD67}.Release|Any CPU.ActiveCfg = Release|Any CPU
		{E110EFBF-DA91-46A5-A31F-45A813B6BD67}.Release|Any CPU.Build.0 = Release|Any CPU
		{C8EA2EB6-FAB7-46DE-90A7-E5F0D61A9337}.Debug|Any CPU.ActiveCfg = Debug|Any CPU
		{C8EA2EB6-FAB7-46DE-90A7-E5F0D61A9337}.Debug|Any CPU.Build.0 = Debug|Any CPU
		{C8EA2EB6-FAB7-46DE-90A7-E5F0D61A9337}.Release|Any CPU.ActiveCfg = Release|Any CPU
		{C8EA2EB6-FAB7-46DE-90A7-E5F0D61A9337}.Release|Any CPU.Build.0 = Release|Any CPU
		{32E4A94C-9CD4-477A-9AC1-23C87D193D7D}.Debug|Any CPU.ActiveCfg = Debug|Any CPU
		{32E4A94C-9CD4-477A-9AC1-23C87D193D7D}.Debug|Any CPU.Build.0 = Debug|Any CPU
		{32E4A94C-9CD4-477A-9AC1-23C87D193D7D}.Release|Any CPU.ActiveCfg = Release|Any CPU
		{32E4A94C-9CD4-477A-9AC1-23C87D193D7D}.Release|Any CPU.Build.0 = Release|Any CPU
		{9B144D87-CE56-4392-AABA-C96F66FFDAF3}.Debug|Any CPU.ActiveCfg = Debug|Any CPU
		{9B144D87-CE56-4392-AABA-C96F66FFDAF3}.Debug|Any CPU.Build.0 = Debug|Any CPU
		{9B144D87-CE56-4392-AABA-C96F66FFDAF3}.Release|Any CPU.ActiveCfg = Release|Any CPU
		{9B144D87-CE56-4392-AABA-C96F66FFDAF3}.Release|Any CPU.Build.0 = Release|Any CPU
		{9B2F554B-7B4F-4895-B6A0-09A8F3FEAFDF}.Debug|Any CPU.ActiveCfg = Debug|Any CPU
		{9B2F554B-7B4F-4895-B6A0-09A8F3FEAFDF}.Debug|Any CPU.Build.0 = Debug|Any CPU
		{9B2F554B-7B4F-4895-B6A0-09A8F3FEAFDF}.Release|Any CPU.ActiveCfg = Release|Any CPU
		{9B2F554B-7B4F-4895-B6A0-09A8F3FEAFDF}.Release|Any CPU.Build.0 = Release|Any CPU
		{7CF3794B-7BAE-478F-9DE2-A96157B5D4A2}.Debug|Any CPU.ActiveCfg = Debug|Any CPU
		{7CF3794B-7BAE-478F-9DE2-A96157B5D4A2}.Debug|Any CPU.Build.0 = Debug|Any CPU
		{7CF3794B-7BAE-478F-9DE2-A96157B5D4A2}.Release|Any CPU.ActiveCfg = Release|Any CPU
		{7CF3794B-7BAE-478F-9DE2-A96157B5D4A2}.Release|Any CPU.Build.0 = Release|Any CPU
		{4B7B316F-E540-452C-9AF1-07467ACB0750}.Debug|Any CPU.ActiveCfg = Debug|Any CPU
		{4B7B316F-E540-452C-9AF1-07467ACB0750}.Debug|Any CPU.Build.0 = Debug|Any CPU
		{4B7B316F-E540-452C-9AF1-07467ACB0750}.Release|Any CPU.ActiveCfg = Release|Any CPU
		{4B7B316F-E540-452C-9AF1-07467ACB0750}.Release|Any CPU.Build.0 = Release|Any CPU
		{8068BACD-6375-4885-A4D3-1BF0000C8E19}.Debug|Any CPU.ActiveCfg = Debug|Any CPU
		{8068BACD-6375-4885-A4D3-1BF0000C8E19}.Debug|Any CPU.Build.0 = Debug|Any CPU
		{8068BACD-6375-4885-A4D3-1BF0000C8E19}.Release|Any CPU.ActiveCfg = Release|Any CPU
		{8068BACD-6375-4885-A4D3-1BF0000C8E19}.Release|Any CPU.Build.0 = Release|Any CPU
		{F2C4424B-AB06-4EE1-A5FD-A7F341C92A40}.Debug|Any CPU.ActiveCfg = Debug|Any CPU
		{F2C4424B-AB06-4EE1-A5FD-A7F341C92A40}.Debug|Any CPU.Build.0 = Debug|Any CPU
		{F2C4424B-AB06-4EE1-A5FD-A7F341C92A40}.Release|Any CPU.ActiveCfg = Release|Any CPU
		{F2C4424B-AB06-4EE1-A5FD-A7F341C92A40}.Release|Any CPU.Build.0 = Release|Any CPU
		{B1C21CB8-CB20-4220-B32D-E48349228E9D}.Debug|Any CPU.ActiveCfg = Debug|Any CPU
		{B1C21CB8-CB20-4220-B32D-E48349228E9D}.Debug|Any CPU.Build.0 = Debug|Any CPU
		{B1C21CB8-CB20-4220-B32D-E48349228E9D}.Release|Any CPU.ActiveCfg = Release|Any CPU
		{B1C21CB8-CB20-4220-B32D-E48349228E9D}.Release|Any CPU.Build.0 = Release|Any CPU
		{FB6428CC-5FB0-44F8-80E9-AC708833659F}.Debug|Any CPU.ActiveCfg = Debug|Any CPU
		{FB6428CC-5FB0-44F8-80E9-AC708833659F}.Debug|Any CPU.Build.0 = Debug|Any CPU
		{FB6428CC-5FB0-44F8-80E9-AC708833659F}.Release|Any CPU.ActiveCfg = Release|Any CPU
		{FB6428CC-5FB0-44F8-80E9-AC708833659F}.Release|Any CPU.Build.0 = Release|Any CPU
		{F27FEDBE-75C5-496C-91F3-008AE4F9D3C4}.Debug|Any CPU.ActiveCfg = Debug|Any CPU
		{F27FEDBE-75C5-496C-91F3-008AE4F9D3C4}.Debug|Any CPU.Build.0 = Debug|Any CPU
		{F27FEDBE-75C5-496C-91F3-008AE4F9D3C4}.Release|Any CPU.ActiveCfg = Release|Any CPU
		{F27FEDBE-75C5-496C-91F3-008AE4F9D3C4}.Release|Any CPU.Build.0 = Release|Any CPU
	EndGlobalSection
	GlobalSection(SolutionProperties) = preSolution
		HideSolutionNode = FALSE
	EndGlobalSection
	GlobalSection(NestedProjects) = preSolution
		{C6873501-511A-4BB5-9A1E-EC971E565F33} = {90BD67C3-2B52-4BE8-899F-80E46CBEA382}
		{9CF5A459-0865-466B-9137-358395F2D7BA} = {90BD67C3-2B52-4BE8-899F-80E46CBEA382}
		{E110EFBF-DA91-46A5-A31F-45A813B6BD67} = {53CBC265-E46D-4E8A-94FE-B33EB76F6030}
		{C8EA2EB6-FAB7-46DE-90A7-E5F0D61A9337} = {749E1DBF-EA6B-4312-8895-68EF84C2356E}
		{32E4A94C-9CD4-477A-9AC1-23C87D193D7D} = {B0E68798-4FC7-4AB3-963A-A4B8C3C0BAED}
		{9B144D87-CE56-4392-AABA-C96F66FFDAF3} = {9E45C983-4519-421A-8FFE-92E12179A6A7}
		{9B2F554B-7B4F-4895-B6A0-09A8F3FEAFDF} = {9E45C983-4519-421A-8FFE-92E12179A6A7}
		{7CF3794B-7BAE-478F-9DE2-A96157B5D4A2} = {9E45C983-4519-421A-8FFE-92E12179A6A7}
		{4B7B316F-E540-452C-9AF1-07467ACB0750} = {6E648426-1887-45BB-BB98-A04EE195275F}
		{8068BACD-6375-4885-A4D3-1BF0000C8E19} = {6E648426-1887-45BB-BB98-A04EE195275F}
		{F2C4424B-AB06-4EE1-A5FD-A7F341C92A40} = {CBA019F0-0940-4EFC-BC8C-DE1F4F06058E}
		{B1C21CB8-CB20-4220-B32D-E48349228E9D} = {CBA019F0-0940-4EFC-BC8C-DE1F4F06058E}
		{FB6428CC-5FB0-44F8-80E9-AC708833659F} = {CBA019F0-0940-4EFC-BC8C-DE1F4F06058E}
		{F27FEDBE-75C5-496C-91F3-008AE4F9D3C4} = {CBA019F0-0940-4EFC-BC8C-DE1F4F06058E}
	EndGlobalSection
	GlobalSection(ExtensibilityGlobals) = postSolution
		SolutionGuid = {DA0FA5CD-4B7D-4B2B-9BC9-C774034649D1}
	EndGlobalSection
EndGlobal
